
Microsoft Visual Studio Solution File, Format Version 12.00
# Visual Studio Version 16
VisualStudioVersion = 16.0.30517.126
MinimumVisualStudioVersion = 10.0.40219.1
Project("{FAE04EC0-301F-11D3-BF4B-00C04F79EFBC}") = "WebDashboard", "WebDashboard\WebDashboard.csproj", "{EA65591F-E82C-4F35-AEEE-F745D91212B2}"
EndProject
Project("{2150E333-8FDC-42A3-9474-1A3956D46DE8}") = "Dao", "Dao", "{C08AA975-856B-4CA9-B2E9-6612ACEEEA29}"
EndProject
Project("{2150E333-8FDC-42A3-9474-1A3956D46DE8}") = "Servicios", "Servicios", "{7932FB6D-7880-40E9-9BB8-5EEB4C35BC5B}"
EndProject
Project("{FAE04EC0-301F-11D3-BF4B-00C04F79EFBC}") = "EstadisticaServicio", "EstadisticaServicio\EstadisticaServicio.csproj", "{FF665960-5B61-4BEF-BCE2-0FF0DBA1B834}"
EndProject
Project("{FAE04EC0-301F-11D3-BF4B-00C04F79EFBC}") = "EstadisticaDao", "EstadisticaDao\EstadisticaDao.csproj", "{DDE3D28C-8C22-46A5-AE4F-A014F167F7C7}"
EndProject
Project("{2150E333-8FDC-42A3-9474-1A3956D46DE8}") = "Entidades", "Entidades", "{DD6FE60E-42D5-41E4-BC25-113D84D250F7}"
EndProject
Project("{FAE04EC0-301F-11D3-BF4B-00C04F79EFBC}") = "Entidades", "Entidades\Entidades.csproj", "{923FD28E-3FB7-42CC-A882-81768C78FCE8}"
EndProject
Global
	GlobalSection(SolutionConfigurationPlatforms) = preSolution
		Debug|Any CPU = Debug|Any CPU
		Release|Any CPU = Release|Any CPU
	EndGlobalSection
	GlobalSection(ProjectConfigurationPlatforms) = postSolution
		{EA65591F-E82C-4F35-AEEE-F745D91212B2}.Debug|Any CPU.ActiveCfg = Debug|Any CPU
		{EA65591F-E82C-4F35-AEEE-F745D91212B2}.Debug|Any CPU.Build.0 = Debug|Any CPU
		{EA65591F-E82C-4F35-AEEE-F745D91212B2}.Release|Any CPU.ActiveCfg = Release|Any CPU
		{EA65591F-E82C-4F35-AEEE-F745D91212B2}.Release|Any CPU.Build.0 = Release|Any CPU
		{FF665960-5B61-4BEF-BCE2-0FF0DBA1B834}.Debug|Any CPU.ActiveCfg = Debug|Any CPU
		{FF665960-5B61-4BEF-BCE2-0FF0DBA1B834}.Debug|Any CPU.Build.0 = Debug|Any CPU
		{FF665960-5B61-4BEF-BCE2-0FF0DBA1B834}.Release|Any CPU.ActiveCfg = Release|Any CPU
		{FF665960-5B61-4BEF-BCE2-0FF0DBA1B834}.Release|Any CPU.Build.0 = Release|Any CPU
		{DDE3D28C-8C22-46A5-AE4F-A014F167F7C7}.Debug|Any CPU.ActiveCfg = Debug|Any CPU
		{DDE3D28C-8C22-46A5-AE4F-A014F167F7C7}.Debug|Any CPU.Build.0 = Debug|Any CPU
		{DDE3D28C-8C22-46A5-AE4F-A014F167F7C7}.Release|Any CPU.ActiveCfg = Release|Any CPU
		{DDE3D28C-8C22-46A5-AE4F-A014F167F7C7}.Release|Any CPU.Build.0 = Release|Any CPU
		{923FD28E-3FB7-42CC-A882-81768C78FCE8}.Debug|Any CPU.ActiveCfg = Debug|Any CPU
		{923FD28E-3FB7-42CC-A882-81768C78FCE8}.Debug|Any CPU.Build.0 = Debug|Any CPU
		{923FD28E-3FB7-42CC-A882-81768C78FCE8}.Release|Any CPU.ActiveCfg = Release|Any CPU
		{923FD28E-3FB7-42CC-A882-81768C78FCE8}.Release|Any CPU.Build.0 = Release|Any CPU
	EndGlobalSection
	GlobalSection(SolutionProperties) = preSolution
		HideSolutionNode = FALSE
	EndGlobalSection
	GlobalSection(NestedProjects) = preSolution
		{FF665960-5B61-4BEF-BCE2-0FF0DBA1B834} = {7932FB6D-7880-40E9-9BB8-5EEB4C35BC5B}
		{DDE3D28C-8C22-46A5-AE4F-A014F167F7C7} = {C08AA975-856B-4CA9-B2E9-6612ACEEEA29}
		{923FD28E-3FB7-42CC-A882-81768C78FCE8} = {DD6FE60E-42D5-41E4-BC25-113D84D250F7}
	EndGlobalSection
	GlobalSection(ExtensibilityGlobals) = postSolution
		SolutionGuid = {770D6681-41BC-4B7B-9C4B-0A37CAAAE753}
	EndGlobalSection
EndGlobal
